
Microsoft Visual Studio Solution File, Format Version 12.00
# Visual Studio Version 17
VisualStudioVersion = 17.4.33110.190
MinimumVisualStudioVersion = 10.0.40219.1
Project("{FAE04EC0-301F-11D3-BF4B-00C04F79EFBC}") = "BookStoreCSharp", "BookStoreCSharp\BookStoreCSharp.csproj", "{695176F3-9F46-4833-93C5-5F16923B57C5}"
EndProject
Project("{FAE04EC0-301F-11D3-BF4B-00C04F79EFBC}") = "Bonus", "Bonus\Bonus.csproj", "{84FEA1E6-053D-4553-9554-7D13536166B1}"
EndProject
Global
	GlobalSection(SolutionConfigurationPlatforms) = preSolution
		Debug|Any CPU = Debug|Any CPU
		Release|Any CPU = Release|Any CPU
	EndGlobalSection
	GlobalSection(ProjectConfigurationPlatforms) = postSolution
		{695176F3-9F46-4833-93C5-5F16923B57C5}.Debug|Any CPU.ActiveCfg = Debug|Any CPU
		{695176F3-9F46-4833-93C5-5F16923B57C5}.Debug|Any CPU.Build.0 = Debug|Any CPU
		{695176F3-9F46-4833-93C5-5F16923B57C5}.Release|Any CPU.ActiveCfg = Release|Any CPU
		{695176F3-9F46-4833-93C5-5F16923B57C5}.Release|Any CPU.Build.0 = Release|Any CPU
		{84FEA1E6-053D-4553-9554-7D13536166B1}.Debug|Any CPU.ActiveCfg = Debug|Any CPU
		{84FEA1E6-053D-4553-9554-7D13536166B1}.Debug|Any CPU.Build.0 = Debug|Any CPU
		{84FEA1E6-053D-4553-9554-7D13536166B1}.Release|Any CPU.ActiveCfg = Release|Any CPU
		{84FEA1E6-053D-4553-9554-7D13536166B1}.Release|Any CPU.Build.0 = Release|Any CPU
	EndGlobalSection
	GlobalSection(SolutionProperties) = preSolution
		HideSolutionNode = FALSE
	EndGlobalSection
	GlobalSection(ExtensibilityGlobals) = postSolution
		SolutionGuid = {E81BBCA3-4F7A-47D7-A640-D66E1364950B}
	EndGlobalSection
EndGlobal
